
Microsoft Visual Studio Solution File, Format Version 12.00
# Visual Studio Version 17
VisualStudioVersion = 17.0.32112.339
MinimumVisualStudioVersion = 10.0.40219.1
Project("{FAE04EC0-301F-11D3-BF4B-00C04F79EFBC}") = "Delegates", "Delegates\Delegates.csproj", "{9AAAE67D-EBE3-42D2-90AF-EE0BFE762D78}"
EndProject
Global
	GlobalSection(SolutionConfigurationPlatforms) = preSolution
		Debug|Any CPU = Debug|Any CPU
		Release|Any CPU = Release|Any CPU
	EndGlobalSection
	GlobalSection(ProjectConfigurationPlatforms) = postSolution
		{9AAAE67D-EBE3-42D2-90AF-EE0BFE762D78}.Debug|Any CPU.ActiveCfg = Debug|Any CPU
		{9AAAE67D-EBE3-42D2-90AF-EE0BFE762D78}.Debug|Any CPU.Build.0 = Debug|Any CPU
		{9AAAE67D-EBE3-42D2-90AF-EE0BFE762D78}.Release|Any CPU.ActiveCfg = Release|Any CPU
		{9AAAE67D-EBE3-42D2-90AF-EE0BFE762D78}.Release|Any CPU.Build.0 = Release|Any CPU
	EndGlobalSection
	GlobalSection(SolutionProperties) = preSolution
		HideSolutionNode = FALSE
	EndGlobalSection
	GlobalSection(ExtensibilityGlobals) = postSolution
		SolutionGuid = {557235E5-0631-4E64-B132-84BD5CFB8AA4}
	EndGlobalSection
EndGlobal
